
Microsoft Visual Studio Solution File, Format Version 12.00
# Visual Studio Version 17
VisualStudioVersion = 17.0.32014.148
MinimumVisualStudioVersion = 10.0.40219.1
Project("{9A19103F-16F7-4668-BE54-9A1E7A4F7556}") = "IdentityServer", "IdentityServer\IdentityServer.csproj", "{B4211B4A-B6B4-4359-83D9-6B96AE6C5532}"
EndProject
Project("{FAE04EC0-301F-11D3-BF4B-00C04F79EFBC}") = "MyApi", "MyApi\MyApi.csproj", "{A38E7FE4-6BEA-44F6-A56A-3E46DC4D07EE}"
EndProject
Project("{FAE04EC0-301F-11D3-BF4B-00C04F79EFBC}") = "Common", "Common\Common.csproj", "{F1C1A57A-86CE-48A8-9A1A-B098B6B9A757}"
EndProject
Global
	GlobalSection(SolutionConfigurationPlatforms) = preSolution
		Debug|Any CPU = Debug|Any CPU
		Release|Any CPU = Release|Any CPU
	EndGlobalSection
	GlobalSection(ProjectConfigurationPlatforms) = postSolution
		{B4211B4A-B6B4-4359-83D9-6B96AE6C5532}.Debug|Any CPU.ActiveCfg = Debug|Any CPU
		{B4211B4A-B6B4-4359-83D9-6B96AE6C5532}.Debug|Any CPU.Build.0 = Debug|Any CPU
		{B4211B4A-B6B4-4359-83D9-6B96AE6C5532}.Release|Any CPU.ActiveCfg = Release|Any CPU
		{B4211B4A-B6B4-4359-83D9-6B96AE6C5532}.Release|Any CPU.Build.0 = Release|Any CPU
		{A38E7FE4-6BEA-44F6-A56A-3E46DC4D07EE}.Debug|Any CPU.ActiveCfg = Debug|Any CPU
		{A38E7FE4-6BEA-44F6-A56A-3E46DC4D07EE}.Debug|Any CPU.Build.0 = Debug|Any CPU
		{A38E7FE4-6BEA-44F6-A56A-3E46DC4D07EE}.Release|Any CPU.ActiveCfg = Release|Any CPU
		{A38E7FE4-6BEA-44F6-A56A-3E46DC4D07EE}.Release|Any CPU.Build.0 = Release|Any CPU
		{F1C1A57A-86CE-48A8-9A1A-B098B6B9A757}.Debug|Any CPU.ActiveCfg = Debug|Any CPU
		{F1C1A57A-86CE-48A8-9A1A-B098B6B9A757}.Debug|Any CPU.Build.0 = Debug|Any CPU
		{F1C1A57A-86CE-48A8-9A1A-B098B6B9A757}.Release|Any CPU.ActiveCfg = Release|Any CPU
		{F1C1A57A-86CE-48A8-9A1A-B098B6B9A757}.Release|Any CPU.Build.0 = Release|Any CPU
	EndGlobalSection
	GlobalSection(SolutionProperties) = preSolution
		HideSolutionNode = FALSE
	EndGlobalSection
	GlobalSection(ExtensibilityGlobals) = postSolution
		SolutionGuid = {BFCEF8B2-887B-4374-85A5-29B5FF719B2F}
	EndGlobalSection
EndGlobal
